
Microsoft Visual Studio Solution File, Format Version 12.00
# Visual Studio Version 17
VisualStudioVersion = 17.14.36705.20
MinimumVisualStudioVersion = 10.0.40219.1
Project("{FAE04EC0-301F-11D3-BF4B-00C04F79EFBC}") = "test", "test.csproj", "{00C707C6-3E8B-4833-91CE-07C7C074900A}"
EndProject
Global
	GlobalSection(SolutionConfigurationPlatforms) = preSolution
		Debug|Any CPU = Debug|Any CPU
		Debug|x64 = Debug|x64
		Release|Any CPU = Release|Any CPU
		Release|x64 = Release|x64
	EndGlobalSection
	GlobalSection(ProjectConfigurationPlatforms) = postSolution
		{00C707C6-3E8B-4833-91CE-07C7C074900A}.Debug|Any CPU.ActiveCfg = Debug|Any CPU
		{00C707C6-3E8B-4833-91CE-07C7C074900A}.Debug|Any CPU.Build.0 = Debug|Any CPU
		{00C707C6-3E8B-4833-91CE-07C7C074900A}.Debug|Any CPU.Deploy.0 = Debug|Any CPU
		{00C707C6-3E8B-4833-91CE-07C7C074900A}.Debug|x64.ActiveCfg = Debug|x64
		{00C707C6-3E8B-4833-91CE-07C7C074900A}.Debug|x64.Build.0 = Debug|x64
		{00C707C6-3E8B-4833-91CE-07C7C074900A}.Debug|x64.Deploy.0 = Debug|x64
		{00C707C6-3E8B-4833-91CE-07C7C074900A}.Release|Any CPU.ActiveCfg = Release|Any CPU
		{00C707C6-3E8B-4833-91CE-07C7C074900A}.Release|Any CPU.Build.0 = Release|Any CPU
		{00C707C6-3E8B-4833-91CE-07C7C074900A}.Release|Any CPU.Deploy.0 = Release|Any CPU
		{00C707C6-3E8B-4833-91CE-07C7C074900A}.Release|x64.ActiveCfg = Release|x64
		{00C707C6-3E8B-4833-91CE-07C7C074900A}.Release|x64.Build.0 = Release|x64
		{00C707C6-3E8B-4833-91CE-07C7C074900A}.Release|x64.Deploy.0 = Release|x64
	EndGlobalSection
	GlobalSection(SolutionProperties) = preSolution
		HideSolutionNode = FALSE
	EndGlobalSection
	GlobalSection(ExtensibilityGlobals) = postSolution
		SolutionGuid = {31912C1A-B382-4F4D-AD19-51044EF2C82C}
	EndGlobalSection
EndGlobal
